
Microsoft Visual Studio Solution File, Format Version 12.00
# Visual Studio Version 17
VisualStudioVersion = 17.14.37301.10 d17.14
MinimumVisualStudioVersion = 10.0.40219.1
Project("{FAE04EC0-301F-11D3-BF4B-00C04F79EFBC}") = "bsch-soc-compressionExperiment", "bsch-soc-compressionExperiment\bsch-soc-compressionExperiment.csproj", "{784278B2-86E8-4670-9282-C6C02A23B002}"
EndProject
Global
	GlobalSection(SolutionConfigurationPlatforms) = preSolution
		Debug|Any CPU = Debug|Any CPU
		Release|Any CPU = Release|Any CPU
	EndGlobalSection
	GlobalSection(ProjectConfigurationPlatforms) = postSolution
		{784278B2-86E8-4670-9282-C6C02A23B002}.Debug|Any CPU.ActiveCfg = Debug|Any CPU
		{784278B2-86E8-4670-9282-C6C02A23B002}.Debug|Any CPU.Build.0 = Debug|Any CPU
		{784278B2-86E8-4670-9282-C6C02A23B002}.Release|Any CPU.ActiveCfg = Release|Any CPU
		{784278B2-86E8-4670-9282-C6C02A23B002}.Release|Any CPU.Build.0 = Release|Any CPU
	EndGlobalSection
	GlobalSection(SolutionProperties) = preSolution
		HideSolutionNode = FALSE
	EndGlobalSection
	GlobalSection(ExtensibilityGlobals) = postSolution
		SolutionGuid = {E0BB262D-604D-42E7-B072-787718C01CE7}
	EndGlobalSection
EndGlobal
